// !$*UTF8*$!
{
	archiveVersion = 1;
	classes = {
	};
	objectVersion = 48;
	objects = {

/* Begin PBXBuildFile section */
		0BD4FD3A1F7D3C48009343B1 /* AppDelegate.m in Sources */ = {isa = PBXBuildFile; fileRef = 0BD4FD391F7D3C48009343B1 /* AppDelegate.m */; };
		0BD4FD3D1F7D3C48009343B1 /* ViewController.m in Sources */ = {isa = PBXBuildFile; fileRef = 0BD4FD3C1F7D3C48009343B1 /* ViewController.m */; };
		0BD4FD401F7D3C48009343B1 /* Main.storyboard in Resources */ = {isa = PBXBuildFile; fileRef = 0BD4FD3E1F7D3C48009343B1 /* Main.storyboard */; };
		0BD4FD421F7D3C48009343B1 /* Assets.xcassets in Resources */ = {isa = PBXBuildFile; fileRef = 0BD4FD411F7D3C48009343B1 /* Assets.xcassets */; };
		0BD4FD451F7D3C48009343B1 /* LaunchScreen.storyboard in Resources */ = {isa = PBXBuildFile; fileRef = 0BD4FD431F7D3C48009343B1 /* LaunchScreen.storyboard */; };
		0BD4FD481F7D3C48009343B1 /* main.m in Sources */ = {isa = PBXBuildFile; fileRef = 0BD4FD471F7D3C48009343B1 /* main.m */; };
		0BD4FD791F7D4047009343B1 /* WKWebViewPoolHandler.m in Sources */ = {isa = PBXBuildFile; fileRef = 0BD4FD741F7D4047009343B1 /* WKWebViewPoolHandler.m */; };
		0BD4FD7A1F7D4047009343B1 /* JCWebView.m in Sources */ = {isa = PBXBuildFile; fileRef = 0BD4FD781F7D4047009343B1 /* JCWebView.m */; };
/* End PBXBuildFile section */

/* Begin PBXFileReference section */
		0BD4FD351F7D3C48009343B1 /* JCWebViewDemo.app */ = {isa = PBXFileReference; explicitFileType = wrapper.application; includeInIndex = 0; path = JCWebViewDemo.app; sourceTree = BUILT_PRODUCTS_DIR; };
		0BD4FD381F7D3C48009343B1 /* AppDelegate.h */ = {isa = PBXFileReference; lastKnownFileType = sourcecode.c.h; path = AppDelegate.h; sourceTree = "<group>"; };
		0BD4FD391F7D3C48009343B1 /* AppDelegate.m */ = {isa = PBXFileReference; lastKnownFileType = sourcecode.c.objc; path = AppDelegate.m; sourceTree = "<group>"; };
		0BD4FD3B1F7D3C48009343B1 /* ViewController.h */ = {isa = PBXFileReference; lastKnownFileType = sourcecode.c.h; path = ViewController.h; sourceTree = "<group>"; };
		0BD4FD3C1F7D3C48009343B1 /* ViewController.m */ = {isa = PBXFileReference; lastKnownFileType = sourcecode.c.objc; path = ViewController.m; sourceTree = "<group>"; };
		0BD4FD3F1F7D3C48009343B1 /* Base */ = {isa = PBXFileReference; lastKnownFileType = file.storyboard; name = Base; path = Base.lproj/Main.storyboard; sourceTree = "<group>"; };
		0BD4FD411F7D3C48009343B1 /* Assets.xcassets */ = {isa = PBXFileReference; lastKnownFileType = folder.assetcatalog; path = Assets.xcassets; sourceTree = "<group>"; };
		0BD4FD441F7D3C48009343B1 /* Base */ = {isa = PBXFileReference; lastKnownFileType = file.storyboard; name = Base; path = Base.lproj/LaunchScreen.storyboard; sourceTree = "<group>"; };
		0BD4FD461F7D3C48009343B1 /* Info.plist */ = {isa = PBXFileReference; lastKnownFileType = text.plist.xml; path = Info.plist; sourceTree = "<group>"; };
		0BD4FD471F7D3C48009343B1 /* main.m */ = {isa = PBXFileReference; lastKnownFileType = sourcecode.c.objc; path = main.m; sourceTree = "<group>"; };
		0BD4FD741F7D4047009343B1 /* WKWebViewPoolHandler.m */ = {isa = PBXFileReference; fileEncoding = 4; lastKnownFileType = sourcecode.c.objc; path = WKWebViewPoolHandler.m; sourceTree = "<group>"; };
		0BD4FD751F7D4047009343B1 /* JCWebView.h */ = {isa = PBXFileReference; fileEncoding = 4; lastKnownFileType = sourcecode.c.h; path = JCWebView.h; sourceTree = "<group>"; };
		0BD4FD761F7D4047009343B1 /* WKWebViewPoolHandler.h */ = {isa = PBXFileReference; fileEncoding = 4; lastKnownFileType = sourcecode.c.h; path = WKWebViewPoolHandler.h; sourceTree = "<group>"; };
		0BD4FD771F7D4047009343B1 /* JCWebViewCookieScript.h */ = {isa = PBXFileReference; fileEncoding = 4; lastKnownFileType = sourcecode.c.h; path = JCWebViewCookieScript.h; sourceTree = "<group>"; };
		0BD4FD781F7D4047009343B1 /* JCWebView.m */ = {isa = PBXFileReference; fileEncoding = 4; lastKnownFileType = sourcecode.c.objc; path = JCWebView.m; sourceTree = "<group>"; };
/* End PBXFileReference section */

/* Begin PBXFrameworksBuildPhase section */
		0BD4FD321F7D3C48009343B1 /* Frameworks */ = {
			isa = PBXFrameworksBuildPhase;
			buildActionMask = 2147483647;
			files = (
			);
			runOnlyForDeploymentPostprocessing = 0;
		};
/* End PBXFrameworksBuildPhase section */

/* Begin PBXGroup section */
		0BD4FD2C1F7D3C48009343B1 = {
			isa = PBXGroup;
			children = (
				0BD4FD371F7D3C48009343B1 /* JCWebViewDemo */,
				0BD4FD361F7D3C48009343B1 /* Products */,
			);
			sourceTree = "<group>";
		};
		0BD4FD361F7D3C48009343B1 /* Products */ = {
			isa = PBXGroup;
			children = (
				0BD4FD351F7D3C48009343B1 /* JCWebViewDemo.app */,
			);
			name = Products;
			sourceTree = "<group>";
		};
		0BD4FD371F7D3C48009343B1 /* JCWebViewDemo */ = {
			isa = PBXGroup;
			children = (
				0BD4FD731F7D4047009343B1 /* WKWeb */,
				0BD4FD381F7D3C48009343B1 /* AppDelegate.h */,
				0BD4FD391F7D3C48009343B1 /* AppDelegate.m */,
				0BD4FD3B1F7D3C48009343B1 /* ViewController.h */,
				0BD4FD3C1F7D3C48009343B1 /* ViewController.m */,
				0BD4FD3E1F7D3C48009343B1 /* Main.storyboard */,
				0BD4FD411F7D3C48009343B1 /* Assets.xcassets */,
				0BD4FD431F7D3C48009343B1 /* LaunchScreen.storyboard */,
				0BD4FD461F7D3C48009343B1 /* Info.plist */,
				0BD4FD471F7D3C48009343B1 /* main.m */,
			);
			path = JCWebViewDemo;
			sourceTree = "<group>";
		};
		0BD4FD731F7D4047009343B1 /* WKWeb */ = {
			isa = PBXGroup;
			children = (
				0BD4FD751F7D4047009343B1 /* JCWebView.h */,
				0BD4FD781F7D4047009343B1 /* JCWebView.m */,
				0BD4FD761F7D4047009343B1 /* WKWebViewPoolHandler.h */,
				0BD4FD741F7D4047009343B1 /* WKWebViewPoolHandler.m */,
				0BD4FD771F7D4047009343B1 /* JCWebViewCookieScript.h */,
			);
			path = WKWeb;
			sourceTree = "<group>";
		};
/* End PBXGroup section */

/* Begin PBXNativeTarget section */
		0BD4FD341F7D3C48009343B1 /* JCWebViewDemo */ = {
			isa = PBXNativeTarget;
			buildConfigurationList = 0BD4FD4B1F7D3C48009343B1 /* Build configuration list for PBXNativeTarget "JCWebViewDemo" */;
			buildPhases = (
				0BD4FD311F7D3C48009343B1 /* Sources */,
				0BD4FD321F7D3C48009343B1 /* Frameworks */,
				0BD4FD331F7D3C48009343B1 /* Resources */,
			);
			buildRules = (
			);
			dependencies = (
			);
			name = JCWebViewDemo;
			productName = JCWebViewDemo;
			productReference = 0BD4FD351F7D3C48009343B1 /* JCWebViewDemo.app */;
			productType = "com.apple.product-type.application";
		};
/* End PBXNativeTarget section */

/* Begin PBXProject section */
		0BD4FD2D1F7D3C48009343B1 /* Project object */ = {
			isa = PBXProject;
			attributes = {
				LastUpgradeCheck = 0900;
				ORGANIZATIONNAME = zhengjiacheng;
				TargetAttributes = {
					0BD4FD341F7D3C48009343B1 = {
						CreatedOnToolsVersion = 9.0;
						ProvisioningStyle = Automatic;
					};
				};
			};
			buildConfigurationList = 0BD4FD301F7D3C48009343B1 /* Build configuration list for PBXProject "JCWebViewDemo" */;
			compatibilityVersion = "Xcode 8.0";
			developmentRegion = en;
			hasScannedForEncodings = 0;
			knownRegions = (
				en,
				Base,
			);
			mainGroup = 0BD4FD2C1F7D3C48009343B1;
			productRefGroup = 0BD4FD361F7D3C48009343B1 /* Products */;
			projectDirPath = "";
			projectRoot = "";
			targets = (
				0BD4FD341F7D3C48009343B1 /* JCWebViewDemo */,
			);
		};
/* End PBXProject section */

/* Begin PBXResourcesBuildPhase section */
		0BD4FD331F7D3C48009343B1 /* Resources */ = {
			isa = PBXResourcesBuildPhase;
			buildActionMask = 2147483647;
			files = (
				0BD4FD451F7D3C48009343B1 /* LaunchScreen.storyboard in Resources */,
				0BD4FD421F7D3C48009343B1 /* Assets.xcassets in Resources */,
				0BD4FD401F7D3C48009343B1 /* Main.storyboard in Resources */,
			);
			runOnlyForDeploymentPostprocessing = 0;
		};
/* End PBXResourcesBuildPhase section */

/* Begin PBXSourcesBuildPhase section */
		0BD4FD311F7D3C48009343B1 /* Sources */ = {
			isa = PBXSourcesBuildPhase;
			buildActionMask = 2147483647;
			files = (
				0BD4FD791F7D4047009343B1 /* WKWebViewPoolHandler.m in Sources */,
				0BD4FD3D1F7D3C48009343B1 /* ViewController.m in Sources */,
				0BD4FD481F7D3C48009343B1 /* main.m in Sources */,
				0BD4FD7A1F7D4047009343B1 /* JCWebView.m in Sources */,
				0BD4FD3A1F7D3C48009343B1 /* AppDelegate.m in Sources */,
			);
			runOnlyForDeploymentPostprocessing = 0;
		};
/* End PBXSourcesBuildPhase section */

/* Begin PBXVariantGroup section */
		0BD4FD3E1F7D3C48009343B1 /* Main.storyboard */ = {
			isa = PBXVariantGroup;
			children = (
				0BD4FD3F1F7D3C48009343B1 /* Base */,
			);
			name = Main.storyboard;
			sourceTree = "<group>";
		};
		0BD4FD431F7D3C48009343B1 /* LaunchScreen.storyboard */ = {
			isa = PBXVariantGroup;
			children = (
				0BD4FD441F7D3C48009343B1 /* Base */,
			);
			name = LaunchScreen.storyboard;
			sourceTree = "<group>";
		};
/* End PBXVariantGroup section */

/* Begin XCBuildConfiguration section */
		0BD4FD491F7D3C48009343B1 /* Debug */ = {
			isa = XCBuildConfiguration;
			buildSettings = {
				ALWAYS_SEARCH_USER_PATHS = NO;
				CLANG_ANALYZER_NONNULL = YES;
				CLANG_ANALYZER_NUMBER_OBJECT_CONVERSION = YES_AGGRESSIVE;
				CLANG_CXX_LANGUAGE_STANDARD = "gnu++14";
				CLANG_CXX_LIBRARY = "libc++";
				CLANG_ENABLE_MODULES = YES;
				CLANG_ENABLE_OBJC_ARC = YES;
				CLANG_WARN_BLOCK_CAPTURE_AUTORELEASING = YES;
				CLANG_WARN_BOOL_CONVERSION = YES;
				CLANG_WARN_COMMA = YES;
				CLANG_WARN_CONSTANT_CONVERSION = YES;
				CLANG_WARN_DIRECT_OBJC_ISA_USAGE = YES_ERROR;
				CLANG_WARN_DOCUMENTATION_COMMENTS = YES;
				CLANG_WARN_EMPTY_BODY = YES;
				CLANG_WARN_ENUM_CONVERSION = YES;
				CLANG_WARN_INFINITE_RECURSION = YES;
				CLANG_WARN_INT_CONVERSION = YES;
				CLANG_WARN_NON_LITERAL_NULL_CONVERSION = YES;
				CLANG_WARN_OBJC_LITERAL_CONVERSION = YES;
				CLANG_WARN_OBJC_ROOT_CLASS = YES_ERROR;
				CLANG_WARN_RANGE_LOOP_ANALYSIS = YES;
				CLANG_WARN_STRICT_PROTOTYPES = YES;
				CLANG_WARN_SUSPICIOUS_MOVE = YES;
				CLANG_WARN_UNGUARDED_AVAILABILITY = YES_AGGRESSIVE;
				CLANG_WARN_UNREACHABLE_CODE = YES;
				CLANG_WARN__DUPLICATE_METHOD_MATCH = YES;
				CODE_SIGN_IDENTITY = "iPhone Developer";
				COPY_PHASE_STRIP = NO;
				DEBUG_INFORMATION_FORMAT = dwarf;
				ENABLE_STRICT_OBJC_MSGSEND = YES;
				ENABLE_TESTABILITY = YES;
				GCC_C_LANGUAGE_STANDARD = gnu11;
				GCC_DYNAMIC_NO_PIC = NO;
				GCC_NO_COMMON_BLOCKS = YES;
				GCC_OPTIMIZATION_LEVEL = 0;
				GCC_PREPROCESSOR_DEFINITIONS = (
					"DEBUG=1",
					"$(inherited)",
				);
				GCC_WARN_64_TO_32_BIT_CONVERSION = YES;
				GCC_WARN_ABOUT_RETURN_TYPE = YES_ERROR;
				GCC_WARN_UNDECLARED_SELECTOR = YES;
				GCC_WARN_UNINITIALIZED_AUTOS = YES_AGGRESSIVE;
				GCC_WARN_UNUSED_FUNCTION = YES;
				GCC_WARN_UNUSED_VARIABLE = YES;
				IPHONEOS_DEPLOYMENT_TARGET = 11.0;
				MTL_ENABLE_DEBUG_INFO = YES;
				ONLY_ACTIVE_ARCH = YES;
				SDKROOT = iphoneos;
			};
			name = Debug;
		};
		0BD4FD4A1F7D3C48009343B1 /* Release */ = {
			isa = XCBuildConfiguration;
			buildSettings = {
				ALWAYS_SEARCH_USER_PATHS = NO;
				CLANG_ANALYZER_NONNULL = YES;
				CLANG_ANALYZER_NUMBER_OBJECT_CONVERSION = YES_AGGRESSIVE;
				CLANG_CXX_LANGUAGE_STANDARD = "gnu++14";
				CLANG_CXX_LIBRARY = "libc++";
				CLANG_ENABLE_MODULES = YES;
				CLANG_ENABLE_OBJC_ARC = YES;
				CLANG_WARN_BLOCK_CAPTURE_AUTORELEASING = YES;
				CLANG_WARN_BOOL_CONVERSION = YES;
				CLANG_WARN_COMMA = YES;
				CLANG_WARN_CONSTANT_CONVERSION = YES;
				CLANG_WARN_DIRECT_OBJC_ISA_USAGE = YES_ERROR;
				CLANG_WARN_DOCUMENTATION_COMMENTS = YES;
				CLANG_WARN_EMPTY_BODY = YES;
				CLANG_WARN_ENUM_CONVERSION = YES;
				CLANG_WARN_INFINITE_RECURSION = YES;
				CLANG_WARN_INT_CONVERSION = YES;
				CLANG_WARN_NON_LITERAL_NULL_CONVERSION = YES;
				CLANG_WARN_OBJC_LITERAL_CONVERSION = YES;
				CLANG_WARN_OBJC_ROOT_CLASS = YES_ERROR;
				CLANG_WARN_RANGE_LOOP_ANALYSIS = YES;
				CLANG_WARN_STRICT_PROTOTYPES = YES;
				CLANG_WARN_SUSPICIOUS_MOVE = YES;
				CLANG_WARN_UNGUARDED_AVAILABILITY = YES_AGGRESSIVE;
				CLANG_WARN_UNREACHABLE_CODE = YES;
				CLANG_WARN__DUPLICATE_METHOD_MATCH = YES;
				CODE_SIGN_IDENTITY = "iPhone Developer";
				COPY_PHASE_STRIP = NO;
				DEBUG_INFORMATION_FORMAT = "dwarf-with-dsym";
				ENABLE_NS_ASSERTIONS = NO;
				ENABLE_STRICT_OBJC_MSGSEND = YES;
				GCC_C_LANGUAGE_STANDARD = gnu11;
				GCC_NO_COMMON_BLOCKS = YES;
				GCC_WARN_64_TO_32_BIT_CONVERSION = YES;
				GCC_WARN_ABOUT_RETURN_TYPE = YES_ERROR;
				GCC_WARN_UNDECLARED_SELECTOR = YES;
				GCC_WARN_UNINITIALIZED_AUTOS = YES_AGGRESSIVE;
				GCC_WARN_UNUSED_FUNCTION = YES;
				GCC_WARN_UNUSED_VARIABLE = YES;
				IPHONEOS_DEPLOYMENT_TARGET = 11.0;
				MTL_ENABLE_DEBUG_INFO = NO;
				SDKROOT = iphoneos;
				VALIDATE_PRODUCT = YES;
			};
			name = Release;
		};
		0BD4FD4C1F7D3C48009343B1 /* Debug */ = {
			isa = XCBuildConfiguration;
			buildSettings = {
				ASSETCATALOG_COMPILER_APPICON_NAME = AppIcon;
				CODE_SIGN_STYLE = Automatic;
				INFOPLIST_FILE = JCWebViewDemo/Info.plist;
				LD_RUNPATH_SEARCH_PATHS = "$(inherited) @executable_path/Frameworks";
				PRODUCT_BUNDLE_IDENTIFIER = com.zhengjiacheng.JCWebViewDemo;
				PRODUCT_NAME = "$(TARGET_NAME)";
				TARGETED_DEVICE_FAMILY = "1,2";
			};
			name = Debug;
		};
		0BD4FD4D1F7D3C48009343B1 /* Release */ = {
			isa = XCBuildConfiguration;
			buildSettings = {
				ASSETCATALOG_COMPILER_APPICON_NAME = AppIcon;
				CODE_SIGN_STYLE = Automatic;
				INFOPLIST_FILE = JCWebViewDemo/Info.plist;
				LD_RUNPATH_SEARCH_PATHS = "$(inherited) @executable_path/Frameworks";
				PRODUCT_BUNDLE_IDENTIFIER = com.zhengjiacheng.JCWebViewDemo;
				PRODUCT_NAME = "$(TARGET_NAME)";
				TARGETED_DEVICE_FAMILY = "1,2";
			};
			name = Release;
		};
/* End XCBuildConfiguration section */

/* Begin XCConfigurationList section */
		0BD4FD301F7D3C48009343B1 /* Build configuration list for PBXProject "JCWebViewDemo" */ = {
			isa = XCConfigurationList;
			buildConfigurations = (
				0BD4FD491F7D3C48009343B1 /* Debug */,
				0BD4FD4A1F7D3C48009343B1 /* Release */,
			);
			defaultConfigurationIsVisible = 0;
			defaultConfigurationName = Release;
		};
		0BD4FD4B1F7D3C48009343B1 /* Build configuration list for PBXNativeTarget "JCWebViewDemo" */ = {
			isa = XCConfigurationList;
			buildConfigurations = (
				0BD4FD4C1F7D3C48009343B1 /* Debug */,
				0BD4FD4D1F7D3C48009343B1 /* Release */,
			);
			defaultConfigurationIsVisible = 0;
			defaultConfigurationName = Release;
		};
/* End XCConfigurationList section */
	};
	rootObject = 0BD4FD2D1F7D3C48009343B1 /* Project object */;
}
