// !$*UTF8*$!
{
	archiveVersion = 1;
	classes = {
	};
	objectVersion = 48;
	objects = {

/* Begin PBXBuildFile section */
		0B01966F1F7D43B7008204AC /* AppDelegate.swift in Sources */ = {isa = PBXBuildFile; fileRef = 0B01966E1F7D43B7008204AC /* AppDelegate.swift */; };
		0B0196711F7D43B7008204AC /* ViewController.swift in Sources */ = {isa = PBXBuildFile; fileRef = 0B0196701F7D43B7008204AC /* ViewController.swift */; };
		0B0196741F7D43B7008204AC /* Main.storyboard in Resources */ = {isa = PBXBuildFile; fileRef = 0B0196721F7D43B7008204AC /* Main.storyboard */; };
		0B0196761F7D43B7008204AC /* Assets.xcassets in Resources */ = {isa = PBXBuildFile; fileRef = 0B0196751F7D43B7008204AC /* Assets.xcassets */; };
		0B0196791F7D43B7008204AC /* LaunchScreen.storyboard in Resources */ = {isa = PBXBuildFile; fileRef = 0B0196771F7D43B7008204AC /* LaunchScreen.storyboard */; };
		0B0196841F7D43F6008204AC /* JCWebViewProtocol.swift in Sources */ = {isa = PBXBuildFile; fileRef = 0B0196811F7D43F5008204AC /* JCWebViewProtocol.swift */; };
		0B0196851F7D43F6008204AC /* JCUIWebViewExtension.swift in Sources */ = {isa = PBXBuildFile; fileRef = 0B0196821F7D43F5008204AC /* JCUIWebViewExtension.swift */; };
		0B0196861F7D43F6008204AC /* JCWKWebViewExtension.swift in Sources */ = {isa = PBXBuildFile; fileRef = 0B0196831F7D43F5008204AC /* JCWKWebViewExtension.swift */; };
		0B274CAC1F7D46E200D3EA1F /* UIColor+Hex.swift in Sources */ = {isa = PBXBuildFile; fileRef = 0B274CAB1F7D46E200D3EA1F /* UIColor+Hex.swift */; };
		0BCB7A851F7D457C00E40B4D /* JCWebProgressView.swift in Sources */ = {isa = PBXBuildFile; fileRef = 0BCB7A841F7D457C00E40B4D /* JCWebProgressView.swift */; };
		81477D32BD19C10A80800586 /* Pods_JCWebViewDemo.framework in Frameworks */ = {isa = PBXBuildFile; fileRef = 59DDC99434A1B693BA26A717 /* Pods_JCWebViewDemo.framework */; };
/* End PBXBuildFile section */

/* Begin PBXFileReference section */
		0B01966B1F7D43B7008204AC /* JCWebViewDemo.app */ = {isa = PBXFileReference; explicitFileType = wrapper.application; includeInIndex = 0; path = JCWebViewDemo.app; sourceTree = BUILT_PRODUCTS_DIR; };
		0B01966E1F7D43B7008204AC /* AppDelegate.swift */ = {isa = PBXFileReference; lastKnownFileType = sourcecode.swift; path = AppDelegate.swift; sourceTree = "<group>"; };
		0B0196701F7D43B7008204AC /* ViewController.swift */ = {isa = PBXFileReference; lastKnownFileType = sourcecode.swift; path = ViewController.swift; sourceTree = "<group>"; };
		0B0196731F7D43B7008204AC /* Base */ = {isa = PBXFileReference; lastKnownFileType = file.storyboard; name = Base; path = Base.lproj/Main.storyboard; sourceTree = "<group>"; };
		0B0196751F7D43B7008204AC /* Assets.xcassets */ = {isa = PBXFileReference; lastKnownFileType = folder.assetcatalog; path = Assets.xcassets; sourceTree = "<group>"; };
		0B0196781F7D43B7008204AC /* Base */ = {isa = PBXFileReference; lastKnownFileType = file.storyboard; name = Base; path = Base.lproj/LaunchScreen.storyboard; sourceTree = "<group>"; };
		0B01967A1F7D43B7008204AC /* Info.plist */ = {isa = PBXFileReference; lastKnownFileType = text.plist.xml; path = Info.plist; sourceTree = "<group>"; };
		0B0196811F7D43F5008204AC /* JCWebViewProtocol.swift */ = {isa = PBXFileReference; fileEncoding = 4; lastKnownFileType = sourcecode.swift; path = JCWebViewProtocol.swift; sourceTree = "<group>"; };
		0B0196821F7D43F5008204AC /* JCUIWebViewExtension.swift */ = {isa = PBXFileReference; fileEncoding = 4; lastKnownFileType = sourcecode.swift; path = JCUIWebViewExtension.swift; sourceTree = "<group>"; };
		0B0196831F7D43F5008204AC /* JCWKWebViewExtension.swift */ = {isa = PBXFileReference; fileEncoding = 4; lastKnownFileType = sourcecode.swift; path = JCWKWebViewExtension.swift; sourceTree = "<group>"; };
		0B274CAB1F7D46E200D3EA1F /* UIColor+Hex.swift */ = {isa = PBXFileReference; fileEncoding = 4; lastKnownFileType = sourcecode.swift; path = "UIColor+Hex.swift"; sourceTree = "<group>"; };
		0BCB7A841F7D457C00E40B4D /* JCWebProgressView.swift */ = {isa = PBXFileReference; fileEncoding = 4; lastKnownFileType = sourcecode.swift; path = JCWebProgressView.swift; sourceTree = "<group>"; };
		59DDC99434A1B693BA26A717 /* Pods_JCWebViewDemo.framework */ = {isa = PBXFileReference; explicitFileType = wrapper.framework; includeInIndex = 0; path = Pods_JCWebViewDemo.framework; sourceTree = BUILT_PRODUCTS_DIR; };
		6D8C85CE813D1AB47B55A09B /* Pods-JCWebViewDemo.release.xcconfig */ = {isa = PBXFileReference; includeInIndex = 1; lastKnownFileType = text.xcconfig; name = "Pods-JCWebViewDemo.release.xcconfig"; path = "Pods/Target Support Files/Pods-JCWebViewDemo/Pods-JCWebViewDemo.release.xcconfig"; sourceTree = "<group>"; };
		B79860ED25807D3F2819F017 /* Pods-JCWebViewDemo.debug.xcconfig */ = {isa = PBXFileReference; includeInIndex = 1; lastKnownFileType = text.xcconfig; name = "Pods-JCWebViewDemo.debug.xcconfig"; path = "Pods/Target Support Files/Pods-JCWebViewDemo/Pods-JCWebViewDemo.debug.xcconfig"; sourceTree = "<group>"; };
/* End PBXFileReference section */

/* Begin PBXFrameworksBuildPhase section */
		0B0196681F7D43B7008204AC /* Frameworks */ = {
			isa = PBXFrameworksBuildPhase;
			buildActionMask = 2147483647;
			files = (
				81477D32BD19C10A80800586 /* Pods_JCWebViewDemo.framework in Frameworks */,
			);
			runOnlyForDeploymentPostprocessing = 0;
		};
/* End PBXFrameworksBuildPhase section */

/* Begin PBXGroup section */
		0B0196621F7D43B7008204AC = {
			isa = PBXGroup;
			children = (
				0B01966D1F7D43B7008204AC /* JCWebViewDemo */,
				0B01966C1F7D43B7008204AC /* Products */,
				6CEE73D9CAB68410822A59ED /* Pods */,
				60EF19712B3F0B55AE0DC264 /* Frameworks */,
			);
			sourceTree = "<group>";
		};
		0B01966C1F7D43B7008204AC /* Products */ = {
			isa = PBXGroup;
			children = (
				0B01966B1F7D43B7008204AC /* JCWebViewDemo.app */,
			);
			name = Products;
			sourceTree = "<group>";
		};
		0B01966D1F7D43B7008204AC /* JCWebViewDemo */ = {
			isa = PBXGroup;
			children = (
				0B274CAB1F7D46E200D3EA1F /* UIColor+Hex.swift */,
				0B0196801F7D43F5008204AC /* WebView */,
				0B01966E1F7D43B7008204AC /* AppDelegate.swift */,
				0B0196701F7D43B7008204AC /* ViewController.swift */,
				0B0196721F7D43B7008204AC /* Main.storyboard */,
				0B0196751F7D43B7008204AC /* Assets.xcassets */,
				0B0196771F7D43B7008204AC /* LaunchScreen.storyboard */,
				0B01967A1F7D43B7008204AC /* Info.plist */,
			);
			path = JCWebViewDemo;
			sourceTree = "<group>";
		};
		0B0196801F7D43F5008204AC /* WebView */ = {
			isa = PBXGroup;
			children = (
				0BCB7A841F7D457C00E40B4D /* JCWebProgressView.swift */,
				0B0196811F7D43F5008204AC /* JCWebViewProtocol.swift */,
				0B0196821F7D43F5008204AC /* JCUIWebViewExtension.swift */,
				0B0196831F7D43F5008204AC /* JCWKWebViewExtension.swift */,
			);
			path = WebView;
			sourceTree = "<group>";
		};
		60EF19712B3F0B55AE0DC264 /* Frameworks */ = {
			isa = PBXGroup;
			children = (
				59DDC99434A1B693BA26A717 /* Pods_JCWebViewDemo.framework */,
			);
			name = Frameworks;
			sourceTree = "<group>";
		};
		6CEE73D9CAB68410822A59ED /* Pods */ = {
			isa = PBXGroup;
			children = (
				B79860ED25807D3F2819F017 /* Pods-JCWebViewDemo.debug.xcconfig */,
				6D8C85CE813D1AB47B55A09B /* Pods-JCWebViewDemo.release.xcconfig */,
			);
			name = Pods;
			sourceTree = "<group>";
		};
/* End PBXGroup section */

/* Begin PBXNativeTarget section */
		0B01966A1F7D43B7008204AC /* JCWebViewDemo */ = {
			isa = PBXNativeTarget;
			buildConfigurationList = 0B01967D1F7D43B7008204AC /* Build configuration list for PBXNativeTarget "JCWebViewDemo" */;
			buildPhases = (
				BAD506C7C5D42874BDF92BCE /* [CP] Check Pods Manifest.lock */,
				0B0196671F7D43B7008204AC /* Sources */,
				0B0196681F7D43B7008204AC /* Frameworks */,
				0B0196691F7D43B7008204AC /* Resources */,
				F4AE823EC0CEA2BC1F74AD12 /* [CP] Embed Pods Frameworks */,
				62BEE102CE63DB7536FEBA43 /* [CP] Copy Pods Resources */,
			);
			buildRules = (
			);
			dependencies = (
			);
			name = JCWebViewDemo;
			productName = JCWebViewDemo;
			productReference = 0B01966B1F7D43B7008204AC /* JCWebViewDemo.app */;
			productType = "com.apple.product-type.application";
		};
/* End PBXNativeTarget section */

/* Begin PBXProject section */
		0B0196631F7D43B7008204AC /* Project object */ = {
			isa = PBXProject;
			attributes = {
				LastSwiftUpdateCheck = 0900;
				LastUpgradeCheck = 0900;
				ORGANIZATIONNAME = zhengjiacheng;
				TargetAttributes = {
					0B01966A1F7D43B7008204AC = {
						CreatedOnToolsVersion = 9.0;
						ProvisioningStyle = Automatic;
					};
				};
			};
			buildConfigurationList = 0B0196661F7D43B7008204AC /* Build configuration list for PBXProject "JCWebViewDemo" */;
			compatibilityVersion = "Xcode 8.0";
			developmentRegion = en;
			hasScannedForEncodings = 0;
			knownRegions = (
				en,
				Base,
			);
			mainGroup = 0B0196621F7D43B7008204AC;
			productRefGroup = 0B01966C1F7D43B7008204AC /* Products */;
			projectDirPath = "";
			projectRoot = "";
			targets = (
				0B01966A1F7D43B7008204AC /* JCWebViewDemo */,
			);
		};
/* End PBXProject section */

/* Begin PBXResourcesBuildPhase section */
		0B0196691F7D43B7008204AC /* Resources */ = {
			isa = PBXResourcesBuildPhase;
			buildActionMask = 2147483647;
			files = (
				0B0196791F7D43B7008204AC /* LaunchScreen.storyboard in Resources */,
				0B0196761F7D43B7008204AC /* Assets.xcassets in Resources */,
				0B0196741F7D43B7008204AC /* Main.storyboard in Resources */,
			);
			runOnlyForDeploymentPostprocessing = 0;
		};
/* End PBXResourcesBuildPhase section */

/* Begin PBXShellScriptBuildPhase section */
		62BEE102CE63DB7536FEBA43 /* [CP] Copy Pods Resources */ = {
			isa = PBXShellScriptBuildPhase;
			buildActionMask = 2147483647;
			files = (
			);
			inputPaths = (
			);
			name = "[CP] Copy Pods Resources";
			outputPaths = (
			);
			runOnlyForDeploymentPostprocessing = 0;
			shellPath = /bin/sh;
			shellScript = "\"${SRCROOT}/Pods/Target Support Files/Pods-JCWebViewDemo/Pods-JCWebViewDemo-resources.sh\"\n";
			showEnvVarsInLog = 0;
		};
		BAD506C7C5D42874BDF92BCE /* [CP] Check Pods Manifest.lock */ = {
			isa = PBXShellScriptBuildPhase;
			buildActionMask = 2147483647;
			files = (
			);
			inputPaths = (
				"${PODS_PODFILE_DIR_PATH}/Podfile.lock",
				"${PODS_ROOT}/Manifest.lock",
			);
			name = "[CP] Check Pods Manifest.lock";
			outputPaths = (
				"$(DERIVED_FILE_DIR)/Pods-JCWebViewDemo-checkManifestLockResult.txt",
			);
			runOnlyForDeploymentPostprocessing = 0;
			shellPath = /bin/sh;
			shellScript = "diff \"${PODS_PODFILE_DIR_PATH}/Podfile.lock\" \"${PODS_ROOT}/Manifest.lock\" > /dev/null\nif [ $? != 0 ] ; then\n    # print error to STDERR\n    echo \"error: The sandbox is not in sync with the Podfile.lock. Run 'pod install' or update your CocoaPods installation.\" >&2\n    exit 1\nfi\n# This output is used by Xcode 'outputs' to avoid re-running this script phase.\necho \"SUCCESS\" > \"${SCRIPT_OUTPUT_FILE_0}\"\n";
			showEnvVarsInLog = 0;
		};
		F4AE823EC0CEA2BC1F74AD12 /* [CP] Embed Pods Frameworks */ = {
			isa = PBXShellScriptBuildPhase;
			buildActionMask = 2147483647;
			files = (
			);
			inputPaths = (
				"${SRCROOT}/Pods/Target Support Files/Pods-JCWebViewDemo/Pods-JCWebViewDemo-frameworks.sh",
				"${BUILT_PRODUCTS_DIR}/pop/pop.framework",
			);
			name = "[CP] Embed Pods Frameworks";
			outputPaths = (
				"${TARGET_BUILD_DIR}/${FRAMEWORKS_FOLDER_PATH}/pop.framework",
			);
			runOnlyForDeploymentPostprocessing = 0;
			shellPath = /bin/sh;
			shellScript = "\"${SRCROOT}/Pods/Target Support Files/Pods-JCWebViewDemo/Pods-JCWebViewDemo-frameworks.sh\"\n";
			showEnvVarsInLog = 0;
		};
/* End PBXShellScriptBuildPhase section */

/* Begin PBXSourcesBuildPhase section */
		0B0196671F7D43B7008204AC /* Sources */ = {
			isa = PBXSourcesBuildPhase;
			buildActionMask = 2147483647;
			files = (
				0B274CAC1F7D46E200D3EA1F /* UIColor+Hex.swift in Sources */,
				0B0196851F7D43F6008204AC /* JCUIWebViewExtension.swift in Sources */,
				0B0196861F7D43F6008204AC /* JCWKWebViewExtension.swift in Sources */,
				0B0196711F7D43B7008204AC /* ViewController.swift in Sources */,
				0B0196841F7D43F6008204AC /* JCWebViewProtocol.swift in Sources */,
				0B01966F1F7D43B7008204AC /* AppDelegate.swift in Sources */,
				0BCB7A851F7D457C00E40B4D /* JCWebProgressView.swift in Sources */,
			);
			runOnlyForDeploymentPostprocessing = 0;
		};
/* End PBXSourcesBuildPhase section */

/* Begin PBXVariantGroup section */
		0B0196721F7D43B7008204AC /* Main.storyboard */ = {
			isa = PBXVariantGroup;
			children = (
				0B0196731F7D43B7008204AC /* Base */,
			);
			name = Main.storyboard;
			sourceTree = "<group>";
		};
		0B0196771F7D43B7008204AC /* LaunchScreen.storyboard */ = {
			isa = PBXVariantGroup;
			children = (
				0B0196781F7D43B7008204AC /* Base */,
			);
			name = LaunchScreen.storyboard;
			sourceTree = "<group>";
		};
/* End PBXVariantGroup section */

/* Begin XCBuildConfiguration section */
		0B01967B1F7D43B7008204AC /* Debug */ = {
			isa = XCBuildConfiguration;
			buildSettings = {
				ALWAYS_SEARCH_USER_PATHS = NO;
				CLANG_ANALYZER_NONNULL = YES;
				CLANG_ANALYZER_NUMBER_OBJECT_CONVERSION = YES_AGGRESSIVE;
				CLANG_CXX_LANGUAGE_STANDARD = "gnu++14";
				CLANG_CXX_LIBRARY = "libc++";
				CLANG_ENABLE_MODULES = YES;
				CLANG_ENABLE_OBJC_ARC = YES;
				CLANG_WARN_BLOCK_CAPTURE_AUTORELEASING = YES;
				CLANG_WARN_BOOL_CONVERSION = YES;
				CLANG_WARN_COMMA = YES;
				CLANG_WARN_CONSTANT_CONVERSION = YES;
				CLANG_WARN_DIRECT_OBJC_ISA_USAGE = YES_ERROR;
				CLANG_WARN_DOCUMENTATION_COMMENTS = YES;
				CLANG_WARN_EMPTY_BODY = YES;
				CLANG_WARN_ENUM_CONVERSION = YES;
				CLANG_WARN_INFINITE_RECURSION = YES;
				CLANG_WARN_INT_CONVERSION = YES;
				CLANG_WARN_NON_LITERAL_NULL_CONVERSION = YES;
				CLANG_WARN_OBJC_LITERAL_CONVERSION = YES;
				CLANG_WARN_OBJC_ROOT_CLASS = YES_ERROR;
				CLANG_WARN_RANGE_LOOP_ANALYSIS = YES;
				CLANG_WARN_STRICT_PROTOTYPES = YES;
				CLANG_WARN_SUSPICIOUS_MOVE = YES;
				CLANG_WARN_UNGUARDED_AVAILABILITY = YES_AGGRESSIVE;
				CLANG_WARN_UNREACHABLE_CODE = YES;
				CLANG_WARN__DUPLICATE_METHOD_MATCH = YES;
				CODE_SIGN_IDENTITY = "iPhone Developer";
				COPY_PHASE_STRIP = NO;
				DEBUG_INFORMATION_FORMAT = dwarf;
				ENABLE_STRICT_OBJC_MSGSEND = YES;
				ENABLE_TESTABILITY = YES;
				GCC_C_LANGUAGE_STANDARD = gnu11;
				GCC_DYNAMIC_NO_PIC = NO;
				GCC_NO_COMMON_BLOCKS = YES;
				GCC_OPTIMIZATION_LEVEL = 0;
				GCC_PREPROCESSOR_DEFINITIONS = (
					"DEBUG=1",
					"$(inherited)",
				);
				GCC_WARN_64_TO_32_BIT_CONVERSION = YES;
				GCC_WARN_ABOUT_RETURN_TYPE = YES_ERROR;
				GCC_WARN_UNDECLARED_SELECTOR = YES;
				GCC_WARN_UNINITIALIZED_AUTOS = YES_AGGRESSIVE;
				GCC_WARN_UNUSED_FUNCTION = YES;
				GCC_WARN_UNUSED_VARIABLE = YES;
				IPHONEOS_DEPLOYMENT_TARGET = 11.0;
				MTL_ENABLE_DEBUG_INFO = YES;
				ONLY_ACTIVE_ARCH = YES;
				SDKROOT = iphoneos;
				SWIFT_ACTIVE_COMPILATION_CONDITIONS = DEBUG;
				SWIFT_OPTIMIZATION_LEVEL = "-Onone";
			};
			name = Debug;
		};
		0B01967C1F7D43B7008204AC /* Release */ = {
			isa = XCBuildConfiguration;
			buildSettings = {
				ALWAYS_SEARCH_USER_PATHS = NO;
				CLANG_ANALYZER_NONNULL = YES;
				CLANG_ANALYZER_NUMBER_OBJECT_CONVERSION = YES_AGGRESSIVE;
				CLANG_CXX_LANGUAGE_STANDARD = "gnu++14";
				CLANG_CXX_LIBRARY = "libc++";
				CLANG_ENABLE_MODULES = YES;
				CLANG_ENABLE_OBJC_ARC = YES;
				CLANG_WARN_BLOCK_CAPTURE_AUTORELEASING = YES;
				CLANG_WARN_BOOL_CONVERSION = YES;
				CLANG_WARN_COMMA = YES;
				CLANG_WARN_CONSTANT_CONVERSION = YES;
				CLANG_WARN_DIRECT_OBJC_ISA_USAGE = YES_ERROR;
				CLANG_WARN_DOCUMENTATION_COMMENTS = YES;
				CLANG_WARN_EMPTY_BODY = YES;
				CLANG_WARN_ENUM_CONVERSION = YES;
				CLANG_WARN_INFINITE_RECURSION = YES;
				CLANG_WARN_INT_CONVERSION = YES;
				CLANG_WARN_NON_LITERAL_NULL_CONVERSION = YES;
				CLANG_WARN_OBJC_LITERAL_CONVERSION = YES;
				CLANG_WARN_OBJC_ROOT_CLASS = YES_ERROR;
				CLANG_WARN_RANGE_LOOP_ANALYSIS = YES;
				CLANG_WARN_STRICT_PROTOTYPES = YES;
				CLANG_WARN_SUSPICIOUS_MOVE = YES;
				CLANG_WARN_UNGUARDED_AVAILABILITY = YES_AGGRESSIVE;
				CLANG_WARN_UNREACHABLE_CODE = YES;
				CLANG_WARN__DUPLICATE_METHOD_MATCH = YES;
				CODE_SIGN_IDENTITY = "iPhone Developer";
				COPY_PHASE_STRIP = NO;
				DEBUG_INFORMATION_FORMAT = "dwarf-with-dsym";
				ENABLE_NS_ASSERTIONS = NO;
				ENABLE_STRICT_OBJC_MSGSEND = YES;
				GCC_C_LANGUAGE_STANDARD = gnu11;
				GCC_NO_COMMON_BLOCKS = YES;
				GCC_WARN_64_TO_32_BIT_CONVERSION = YES;
				GCC_WARN_ABOUT_RETURN_TYPE = YES_ERROR;
				GCC_WARN_UNDECLARED_SELECTOR = YES;
				GCC_WARN_UNINITIALIZED_AUTOS = YES_AGGRESSIVE;
				GCC_WARN_UNUSED_FUNCTION = YES;
				GCC_WARN_UNUSED_VARIABLE = YES;
				IPHONEOS_DEPLOYMENT_TARGET = 11.0;
				MTL_ENABLE_DEBUG_INFO = NO;
				SDKROOT = iphoneos;
				SWIFT_OPTIMIZATION_LEVEL = "-Owholemodule";
				VALIDATE_PRODUCT = YES;
			};
			name = Release;
		};
		0B01967E1F7D43B7008204AC /* Debug */ = {
			isa = XCBuildConfiguration;
			baseConfigurationReference = B79860ED25807D3F2819F017 /* Pods-JCWebViewDemo.debug.xcconfig */;
			buildSettings = {
				ASSETCATALOG_COMPILER_APPICON_NAME = AppIcon;
				CODE_SIGN_STYLE = Automatic;
				DEVELOPMENT_TEAM = 743LA4MC7A;
				INFOPLIST_FILE = JCWebViewDemo/Info.plist;
				LD_RUNPATH_SEARCH_PATHS = "$(inherited) @executable_path/Frameworks";
				PRODUCT_BUNDLE_IDENTIFIER = com.zhengjiacheng.JCWebViewDemo;
				PRODUCT_NAME = "$(TARGET_NAME)";
				SWIFT_VERSION = 4.0;
				TARGETED_DEVICE_FAMILY = "1,2";
			};
			name = Debug;
		};
		0B01967F1F7D43B7008204AC /* Release */ = {
			isa = XCBuildConfiguration;
			baseConfigurationReference = 6D8C85CE813D1AB47B55A09B /* Pods-JCWebViewDemo.release.xcconfig */;
			buildSettings = {
				ASSETCATALOG_COMPILER_APPICON_NAME = AppIcon;
				CODE_SIGN_STYLE = Automatic;
				DEVELOPMENT_TEAM = 743LA4MC7A;
				INFOPLIST_FILE = JCWebViewDemo/Info.plist;
				LD_RUNPATH_SEARCH_PATHS = "$(inherited) @executable_path/Frameworks";
				PRODUCT_BUNDLE_IDENTIFIER = com.zhengjiacheng.JCWebViewDemo;
				PRODUCT_NAME = "$(TARGET_NAME)";
				SWIFT_VERSION = 4.0;
				TARGETED_DEVICE_FAMILY = "1,2";
			};
			name = Release;
		};
/* End XCBuildConfiguration section */

/* Begin XCConfigurationList section */
		0B0196661F7D43B7008204AC /* Build configuration list for PBXProject "JCWebViewDemo" */ = {
			isa = XCConfigurationList;
			buildConfigurations = (
				0B01967B1F7D43B7008204AC /* Debug */,
				0B01967C1F7D43B7008204AC /* Release */,
			);
			defaultConfigurationIsVisible = 0;
			defaultConfigurationName = Release;
		};
		0B01967D1F7D43B7008204AC /* Build configuration list for PBXNativeTarget "JCWebViewDemo" */ = {
			isa = XCConfigurationList;
			buildConfigurations = (
				0B01967E1F7D43B7008204AC /* Debug */,
				0B01967F1F7D43B7008204AC /* Release */,
			);
			defaultConfigurationIsVisible = 0;
			defaultConfigurationName = Release;
		};
/* End XCConfigurationList section */
	};
	rootObject = 0B0196631F7D43B7008204AC /* Project object */;
}
